
Microsoft Visual Studio Solution File, Format Version 12.00
# Visual Studio Version 17
VisualStudioVersion = 17.5.33502.453
MinimumVisualStudioVersion = 10.0.40219.1
Project("{FAE04EC0-301F-11D3-BF4B-00C04F79EFBC}") = "Lookday_Beta_v17", "Lookday_Beta_v17\Lookday_Beta_v17.csproj", "{7955DDAD-D7EA-4989-85FF-0746BAA841EB}"
EndProject
Global
	GlobalSection(SolutionConfigurationPlatforms) = preSolution
		Debug|Any CPU = Debug|Any CPU
		Release|Any CPU = Release|Any CPU
	EndGlobalSection
	GlobalSection(ProjectConfigurationPlatforms) = postSolution
		{7955DDAD-D7EA-4989-85FF-0746BAA841EB}.Debug|Any CPU.ActiveCfg = Debug|Any CPU
		{7955DDAD-D7EA-4989-85FF-0746BAA841EB}.Debug|Any CPU.Build.0 = Debug|Any CPU
		{7955DDAD-D7EA-4989-85FF-0746BAA841EB}.Release|Any CPU.ActiveCfg = Release|Any CPU
		{7955DDAD-D7EA-4989-85FF-0746BAA841EB}.Release|Any CPU.Build.0 = Release|Any CPU
	EndGlobalSection
	GlobalSection(SolutionProperties) = preSolution
		HideSolutionNode = FALSE
	EndGlobalSection
	GlobalSection(ExtensibilityGlobals) = postSolution
		SolutionGuid = {C92D264F-862B-4873-BF97-AE1366BF6BF5}
	EndGlobalSection
EndGlobal
